
Microsoft Visual Studio Solution File, Format Version 11.00
# Visual Studio 2010
Project("{FAE04EC0-301F-11D3-BF4B-00C04F79EFBC}") = "DatesGenerator", "DatesGenerator.csproj", "{86C0D51D-B82C-40E9-8784-3EB614396B3B}"
EndProject
Global
	GlobalSection(SolutionConfigurationPlatforms) = preSolution
		Debug|Any CPU = Debug|Any CPU
		Release|Any CPU = Release|Any CPU
	EndGlobalSection
	GlobalSection(ProjectConfigurationPlatforms) = postSolution
		{86C0D51D-B82C-40E9-8784-3EB614396B3B}.Debug|Any CPU.ActiveCfg = Debug|Any CPU
		{86C0D51D-B82C-40E9-8784-3EB614396B3B}.Debug|Any CPU.Build.0 = Debug|Any CPU
		{86C0D51D-B82C-40E9-8784-3EB614396B3B}.Release|Any CPU.ActiveCfg = Release|Any CPU
		{86C0D51D-B82C-40E9-8784-3EB614396B3B}.Release|Any CPU.Build.0 = Release|Any CPU
	EndGlobalSection
	GlobalSection(SolutionProperties) = preSolution
		HideSolutionNode = FALSE
	EndGlobalSection
EndGlobal
