
Microsoft Visual Studio Solution File, Format Version 11.00
# Visual Studio 2010
Project("{FAE04EC0-301F-11D3-BF4B-00C04F79EFBC}") = "PFunction2D", "PFunction2D.csproj", "{61982E89-DAB3-4E01-BBE7-1BD5E3C71297}"
EndProject
Global
	GlobalSection(SolutionConfigurationPlatforms) = preSolution
		Debug|Any CPU = Debug|Any CPU
		Release|Any CPU = Release|Any CPU
	EndGlobalSection
	GlobalSection(ProjectConfigurationPlatforms) = postSolution
		{61982E89-DAB3-4E01-BBE7-1BD5E3C71297}.Debug|Any CPU.ActiveCfg = Debug|Any CPU
		{61982E89-DAB3-4E01-BBE7-1BD5E3C71297}.Debug|Any CPU.Build.0 = Debug|Any CPU
		{61982E89-DAB3-4E01-BBE7-1BD5E3C71297}.Release|Any CPU.ActiveCfg = Release|Any CPU
		{61982E89-DAB3-4E01-BBE7-1BD5E3C71297}.Release|Any CPU.Build.0 = Release|Any CPU
	EndGlobalSection
	GlobalSection(SolutionProperties) = preSolution
		HideSolutionNode = FALSE
	EndGlobalSection
EndGlobal
